
Microsoft Visual Studio Solution File, Format Version 12.00
# Visual Studio Version 17
VisualStudioVersion = 17.7.34024.191
MinimumVisualStudioVersion = 10.0.40219.1
Project("{FAE04EC0-301F-11D3-BF4B-00C04F79EFBC}") = "TrabajoFinal", "TrabajoFinal.csproj", "{459D5CA0-4B34-46BF-A05C-BF033BC126AB}"
EndProject
Global
	GlobalSection(SolutionConfigurationPlatforms) = preSolution
		Debug|Any CPU = Debug|Any CPU
		Release|Any CPU = Release|Any CPU
	EndGlobalSection
	GlobalSection(ProjectConfigurationPlatforms) = postSolution
		{459D5CA0-4B34-46BF-A05C-BF033BC126AB}.Debug|Any CPU.ActiveCfg = Debug|Any CPU
		{459D5CA0-4B34-46BF-A05C-BF033BC126AB}.Debug|Any CPU.Build.0 = Debug|Any CPU
		{459D5CA0-4B34-46BF-A05C-BF033BC126AB}.Release|Any CPU.ActiveCfg = Release|Any CPU
		{459D5CA0-4B34-46BF-A05C-BF033BC126AB}.Release|Any CPU.Build.0 = Release|Any CPU
	EndGlobalSection
	GlobalSection(SolutionProperties) = preSolution
		HideSolutionNode = FALSE
	EndGlobalSection
	GlobalSection(ExtensibilityGlobals) = postSolution
		SolutionGuid = {8682128F-154E-48EE-B212-C316198EBE39}
	EndGlobalSection
EndGlobal
